// !$*UTF8*$!
{
	archiveVersion = 1;
	classes = {
	};
	objectVersion = 51;
	objects = {

/* Begin PBXBuildFile section */
		97921C1314F862EAAA82D79C /* Pods_MyFitnessApp.framework in Frameworks */ = {isa = PBXBuildFile; fileRef = 34461F95B6129486AB36FC52 /* Pods_MyFitnessApp.framework */; };
		DB44A591237CB54100D0FD09 /* TableViewController.swift in Sources */ = {isa = PBXBuildFile; fileRef = DB44A590237CB54100D0FD09 /* TableViewController.swift */; };
		DB44A593237CB5F000D0FD09 /* TableViewCell.swift in Sources */ = {isa = PBXBuildFile; fileRef = DB44A592237CB5F000D0FD09 /* TableViewCell.swift */; };
		DB44A595237D5D7700D0FD09 /* CellTableViewInfo.swift in Sources */ = {isa = PBXBuildFile; fileRef = DB44A594237D5D7700D0FD09 /* CellTableViewInfo.swift */; };
		DB4502CE23F202340095E5D6 /* ChickenTableViewController.swift in Sources */ = {isa = PBXBuildFile; fileRef = DB4502CD23F202340095E5D6 /* ChickenTableViewController.swift */; };
		DB4502D023F203270095E5D6 /* GetChickenContent.swift in Sources */ = {isa = PBXBuildFile; fileRef = DB4502CF23F203270095E5D6 /* GetChickenContent.swift */; };
		DB4502D223F465F70095E5D6 /* GetShakeContent.swift in Sources */ = {isa = PBXBuildFile; fileRef = DB4502D123F465F70095E5D6 /* GetShakeContent.swift */; };
		DB471ECB23749507009964C2 /* HomeViewController.swift in Sources */ = {isa = PBXBuildFile; fileRef = DB471ECA23749507009964C2 /* HomeViewController.swift */; };
		DB61B09A23FAF4D800FC6E2A /* Auth.storyboard in Resources */ = {isa = PBXBuildFile; fileRef = DB61B09923FAF4D800FC6E2A /* Auth.storyboard */; };
		DB805B9023A37E65009C0009 /* GetMenuContent.swift in Sources */ = {isa = PBXBuildFile; fileRef = DB805B8F23A37E65009C0009 /* GetMenuContent.swift */; };
		DB8823082387180C00FD4B6A /* WorkoutTableViewController.swift in Sources */ = {isa = PBXBuildFile; fileRef = DB8823072387180C00FD4B6A /* WorkoutTableViewController.swift */; };
		DB88230B238718C300FD4B6A /* CellTable.swift in Sources */ = {isa = PBXBuildFile; fileRef = DB882309238718C300FD4B6A /* CellTable.swift */; };
		DB88230C238718C300FD4B6A /* CellTable.xib in Resources */ = {isa = PBXBuildFile; fileRef = DB88230A238718C300FD4B6A /* CellTable.xib */; };
		DB88230F23871E1100FD4B6A /* CellTableCollection.swift in Sources */ = {isa = PBXBuildFile; fileRef = DB88230D23871E1100FD4B6A /* CellTableCollection.swift */; };
		DB882318238722E500FD4B6A /* CellTableCollection.xib in Resources */ = {isa = PBXBuildFile; fileRef = DB882316238722E500FD4B6A /* CellTableCollection.xib */; };
		DB88232423897B3200FD4B6A /* CellCollection.swift in Sources */ = {isa = PBXBuildFile; fileRef = DB88232223897B3200FD4B6A /* CellCollection.swift */; };
		DB88232523897B3200FD4B6A /* CellCollection.xib in Resources */ = {isa = PBXBuildFile; fileRef = DB88232323897B3200FD4B6A /* CellCollection.xib */; };
		DB8823282389DDBB00FD4B6A /* MealTableViewController.swift in Sources */ = {isa = PBXBuildFile; fileRef = DB8823272389DDBB00FD4B6A /* MealTableViewController.swift */; };
		DB8F35A223F47CD3008F87DB /* VeganTableViewController.swift in Sources */ = {isa = PBXBuildFile; fileRef = DB8F35A123F47CD3008F87DB /* VeganTableViewController.swift */; };
		DB8F35A423F47FD5008F87DB /* BreakfastTableViewController.swift in Sources */ = {isa = PBXBuildFile; fileRef = DB8F35A323F47FD5008F87DB /* BreakfastTableViewController.swift */; };
		DB8F35A623F48199008F87DB /* GetBreakfastContent.swift in Sources */ = {isa = PBXBuildFile; fileRef = DB8F35A523F48199008F87DB /* GetBreakfastContent.swift */; };
		DBB0D8A6239592700020513B /* StepViewController.swift in Sources */ = {isa = PBXBuildFile; fileRef = DBB0D8A5239592700020513B /* StepViewController.swift */; };
		DBB0D8A82396CBF10020513B /* WorkoutTableViewInfo.swift in Sources */ = {isa = PBXBuildFile; fileRef = DBB0D8A72396CBF10020513B /* WorkoutTableViewInfo.swift */; };
		DBB0D8AB2397F5C80020513B /* MealTableViewInfo.swift in Sources */ = {isa = PBXBuildFile; fileRef = DBB0D8AA2397F5C80020513B /* MealTableViewInfo.swift */; };
		DBB0D8AE23983C440020513B /* SaladsTableViewController.swift in Sources */ = {isa = PBXBuildFile; fileRef = DBB0D8AD23983C440020513B /* SaladsTableViewController.swift */; };
		DBB0D8B023983CF30020513B /* SaladsTableViewInfo.swift in Sources */ = {isa = PBXBuildFile; fileRef = DBB0D8AF23983CF30020513B /* SaladsTableViewInfo.swift */; };
		DBB0D8B2239D99960020513B /* MealInfoViewController.swift in Sources */ = {isa = PBXBuildFile; fileRef = DBB0D8B1239D99960020513B /* MealInfoViewController.swift */; };
		DBBCA24B2368C97000B7FC5A /* AppDelegate.swift in Sources */ = {isa = PBXBuildFile; fileRef = DBBCA24A2368C97000B7FC5A /* AppDelegate.swift */; };
		DBBCA24D2368C97000B7FC5A /* SceneDelegate.swift in Sources */ = {isa = PBXBuildFile; fileRef = DBBCA24C2368C97000B7FC5A /* SceneDelegate.swift */; };
		DBBCA24F2368C97000B7FC5A /* InputDataCaloriersViewController.swift in Sources */ = {isa = PBXBuildFile; fileRef = DBBCA24E2368C97000B7FC5A /* InputDataCaloriersViewController.swift */; };
		DBBCA2522368C97000B7FC5A /* Main.storyboard in Resources */ = {isa = PBXBuildFile; fileRef = DBBCA2502368C97000B7FC5A /* Main.storyboard */; };
		DBBCA2542368C97500B7FC5A /* Assets.xcassets in Resources */ = {isa = PBXBuildFile; fileRef = DBBCA2532368C97500B7FC5A /* Assets.xcassets */; };
		DBBCA2572368C97500B7FC5A /* LaunchScreen.storyboard in Resources */ = {isa = PBXBuildFile; fileRef = DBBCA2552368C97500B7FC5A /* LaunchScreen.storyboard */; };
		DBC409D123C373F50090FB33 /* GetMealsContent.swift in Sources */ = {isa = PBXBuildFile; fileRef = DBC409D023C373F50090FB33 /* GetMealsContent.swift */; };
		DBC409D423C39C170090FB33 /* GetSaladsContent.swift in Sources */ = {isa = PBXBuildFile; fileRef = DBC409D323C39C170090FB33 /* GetSaladsContent.swift */; };
		DBC50EBB23A3873900726668 /* GetWorkoutContent.swift in Sources */ = {isa = PBXBuildFile; fileRef = DBC50EBA23A3873900726668 /* GetWorkoutContent.swift */; };
		DBDA970F236F47380035B661 /* InputData.swift in Sources */ = {isa = PBXBuildFile; fileRef = DBDA970E236F47380035B661 /* InputData.swift */; };
		DBDA9712236F50710035B661 /* AuthenticationViewController.swift in Sources */ = {isa = PBXBuildFile; fileRef = DBDA9711236F50710035B661 /* AuthenticationViewController.swift */; };
		DBDA97142370BE560035B661 /* LoginViewController.swift in Sources */ = {isa = PBXBuildFile; fileRef = DBDA97132370BE560035B661 /* LoginViewController.swift */; };
		DBDA97162370BE730035B661 /* RegisterViewController.swift in Sources */ = {isa = PBXBuildFile; fileRef = DBDA97152370BE730035B661 /* RegisterViewController.swift */; };
		DBDA971A2371F4C30035B661 /* GoogleService-Info.plist in Resources */ = {isa = PBXBuildFile; fileRef = DBDA97192371F4C30035B661 /* GoogleService-Info.plist */; };
		DBDFECD723F46BD8003D0D13 /* ShakeTableViewController.swift in Sources */ = {isa = PBXBuildFile; fileRef = DBDFECD623F46BD8003D0D13 /* ShakeTableViewController.swift */; };
		DBDFECD923F478F9003D0D13 /* GetVeganContent.swift in Sources */ = {isa = PBXBuildFile; fileRef = DBDFECD823F478F9003D0D13 /* GetVeganContent.swift */; };
		DBF37417236CC3A800FF6123 /* ResultCaloriesViewController.swift in Sources */ = {isa = PBXBuildFile; fileRef = DBF37416236CC3A800FF6123 /* ResultCaloriesViewController.swift */; };
/* End PBXBuildFile section */

/* Begin PBXFileReference section */
		1588E3E45E8835B0E6BEEC30 /* Pods-MyFitnessApp.release.xcconfig */ = {isa = PBXFileReference; includeInIndex = 1; lastKnownFileType = text.xcconfig; name = "Pods-MyFitnessApp.release.xcconfig"; path = "Target Support Files/Pods-MyFitnessApp/Pods-MyFitnessApp.release.xcconfig"; sourceTree = "<group>"; };
		34461F95B6129486AB36FC52 /* Pods_MyFitnessApp.framework */ = {isa = PBXFileReference; explicitFileType = wrapper.framework; includeInIndex = 0; path = Pods_MyFitnessApp.framework; sourceTree = BUILT_PRODUCTS_DIR; };
		C764AEE5776333BF4209A8CF /* Pods-MyFitnessApp.debug.xcconfig */ = {isa = PBXFileReference; includeInIndex = 1; lastKnownFileType = text.xcconfig; name = "Pods-MyFitnessApp.debug.xcconfig"; path = "Target Support Files/Pods-MyFitnessApp/Pods-MyFitnessApp.debug.xcconfig"; sourceTree = "<group>"; };
		DB44A590237CB54100D0FD09 /* TableViewController.swift */ = {isa = PBXFileReference; lastKnownFileType = sourcecode.swift; path = TableViewController.swift; sourceTree = "<group>"; };
		DB44A592237CB5F000D0FD09 /* TableViewCell.swift */ = {isa = PBXFileReference; lastKnownFileType = sourcecode.swift; path = TableViewCell.swift; sourceTree = "<group>"; };
		DB44A594237D5D7700D0FD09 /* CellTableViewInfo.swift */ = {isa = PBXFileReference; lastKnownFileType = sourcecode.swift; path = CellTableViewInfo.swift; sourceTree = "<group>"; };
		DB4502CD23F202340095E5D6 /* ChickenTableViewController.swift */ = {isa = PBXFileReference; lastKnownFileType = sourcecode.swift; path = ChickenTableViewController.swift; sourceTree = "<group>"; };
		DB4502CF23F203270095E5D6 /* GetChickenContent.swift */ = {isa = PBXFileReference; lastKnownFileType = sourcecode.swift; path = GetChickenContent.swift; sourceTree = "<group>"; };
		DB4502D123F465F70095E5D6 /* GetShakeContent.swift */ = {isa = PBXFileReference; lastKnownFileType = sourcecode.swift; path = GetShakeContent.swift; sourceTree = "<group>"; };
		DB471ECA23749507009964C2 /* HomeViewController.swift */ = {isa = PBXFileReference; lastKnownFileType = sourcecode.swift; path = HomeViewController.swift; sourceTree = "<group>"; };
		DB61B09923FAF4D800FC6E2A /* Auth.storyboard */ = {isa = PBXFileReference; lastKnownFileType = file.storyboard; path = Auth.storyboard; sourceTree = "<group>"; };
		DB805B8F23A37E65009C0009 /* GetMenuContent.swift */ = {isa = PBXFileReference; lastKnownFileType = sourcecode.swift; path = GetMenuContent.swift; sourceTree = "<group>"; };
		DB8823072387180C00FD4B6A /* WorkoutTableViewController.swift */ = {isa = PBXFileReference; lastKnownFileType = sourcecode.swift; path = WorkoutTableViewController.swift; sourceTree = "<group>"; };
		DB882309238718C300FD4B6A /* CellTable.swift */ = {isa = PBXFileReference; lastKnownFileType = sourcecode.swift; path = CellTable.swift; sourceTree = "<group>"; };
		DB88230A238718C300FD4B6A /* CellTable.xib */ = {isa = PBXFileReference; lastKnownFileType = file.xib; path = CellTable.xib; sourceTree = "<group>"; };
		DB88230D23871E1100FD4B6A /* CellTableCollection.swift */ = {isa = PBXFileReference; lastKnownFileType = sourcecode.swift; path = CellTableCollection.swift; sourceTree = "<group>"; };
		DB882316238722E500FD4B6A /* CellTableCollection.xib */ = {isa = PBXFileReference; lastKnownFileType = file.xib; path = CellTableCollection.xib; sourceTree = "<group>"; };
		DB88232223897B3200FD4B6A /* CellCollection.swift */ = {isa = PBXFileReference; lastKnownFileType = sourcecode.swift; path = CellCollection.swift; sourceTree = "<group>"; };
		DB88232323897B3200FD4B6A /* CellCollection.xib */ = {isa = PBXFileReference; lastKnownFileType = file.xib; path = CellCollection.xib; sourceTree = "<group>"; };
		DB8823272389DDBB00FD4B6A /* MealTableViewController.swift */ = {isa = PBXFileReference; lastKnownFileType = sourcecode.swift; path = MealTableViewController.swift; sourceTree = "<group>"; };
		DB8F35A123F47CD3008F87DB /* VeganTableViewController.swift */ = {isa = PBXFileReference; lastKnownFileType = sourcecode.swift; path = VeganTableViewController.swift; sourceTree = "<group>"; };
		DB8F35A323F47FD5008F87DB /* BreakfastTableViewController.swift */ = {isa = PBXFileReference; lastKnownFileType = sourcecode.swift; path = BreakfastTableViewController.swift; sourceTree = "<group>"; };
		DB8F35A523F48199008F87DB /* GetBreakfastContent.swift */ = {isa = PBXFileReference; lastKnownFileType = sourcecode.swift; path = GetBreakfastContent.swift; sourceTree = "<group>"; };
		DBB0D8A5239592700020513B /* StepViewController.swift */ = {isa = PBXFileReference; lastKnownFileType = sourcecode.swift; path = StepViewController.swift; sourceTree = "<group>"; };
		DBB0D8A72396CBF10020513B /* WorkoutTableViewInfo.swift */ = {isa = PBXFileReference; lastKnownFileType = sourcecode.swift; path = WorkoutTableViewInfo.swift; sourceTree = "<group>"; };
		DBB0D8AA2397F5C80020513B /* MealTableViewInfo.swift */ = {isa = PBXFileReference; lastKnownFileType = sourcecode.swift; path = MealTableViewInfo.swift; sourceTree = "<group>"; };
		DBB0D8AD23983C440020513B /* SaladsTableViewController.swift */ = {isa = PBXFileReference; lastKnownFileType = sourcecode.swift; path = SaladsTableViewController.swift; sourceTree = "<group>"; };
		DBB0D8AF23983CF30020513B /* SaladsTableViewInfo.swift */ = {isa = PBXFileReference; lastKnownFileType = sourcecode.swift; path = SaladsTableViewInfo.swift; sourceTree = "<group>"; };
		DBB0D8B1239D99960020513B /* MealInfoViewController.swift */ = {isa = PBXFileReference; lastKnownFileType = sourcecode.swift; path = MealInfoViewController.swift; sourceTree = "<group>"; };
		DBBCA2472368C97000B7FC5A /* MyFitnessApp.app */ = {isa = PBXFileReference; explicitFileType = wrapper.application; includeInIndex = 0; path = MyFitnessApp.app; sourceTree = BUILT_PRODUCTS_DIR; };
		DBBCA24A2368C97000B7FC5A /* AppDelegate.swift */ = {isa = PBXFileReference; lastKnownFileType = sourcecode.swift; path = AppDelegate.swift; sourceTree = "<group>"; };
		DBBCA24C2368C97000B7FC5A /* SceneDelegate.swift */ = {isa = PBXFileReference; lastKnownFileType = sourcecode.swift; path = SceneDelegate.swift; sourceTree = "<group>"; };
		DBBCA24E2368C97000B7FC5A /* InputDataCaloriersViewController.swift */ = {isa = PBXFileReference; lastKnownFileType = sourcecode.swift; path = InputDataCaloriersViewController.swift; sourceTree = "<group>"; };
		DBBCA2512368C97000B7FC5A /* Base */ = {isa = PBXFileReference; lastKnownFileType = file.storyboard; name = Base; path = Base.lproj/Main.storyboard; sourceTree = "<group>"; };
		DBBCA2532368C97500B7FC5A /* Assets.xcassets */ = {isa = PBXFileReference; lastKnownFileType = folder.assetcatalog; path = Assets.xcassets; sourceTree = "<group>"; };
		DBBCA2562368C97500B7FC5A /* Base */ = {isa = PBXFileReference; lastKnownFileType = file.storyboard; name = Base; path = Base.lproj/LaunchScreen.storyboard; sourceTree = "<group>"; };
		DBBCA2582368C97500B7FC5A /* Info.plist */ = {isa = PBXFileReference; lastKnownFileType = text.plist.xml; path = Info.plist; sourceTree = "<group>"; };
		DBC409D023C373F50090FB33 /* GetMealsContent.swift */ = {isa = PBXFileReference; lastKnownFileType = sourcecode.swift; path = GetMealsContent.swift; sourceTree = "<group>"; };
		DBC409D323C39C170090FB33 /* GetSaladsContent.swift */ = {isa = PBXFileReference; lastKnownFileType = sourcecode.swift; path = GetSaladsContent.swift; sourceTree = "<group>"; };
		DBC50EBA23A3873900726668 /* GetWorkoutContent.swift */ = {isa = PBXFileReference; lastKnownFileType = sourcecode.swift; path = GetWorkoutContent.swift; sourceTree = "<group>"; };
		DBDA970E236F47380035B661 /* InputData.swift */ = {isa = PBXFileReference; lastKnownFileType = sourcecode.swift; path = InputData.swift; sourceTree = "<group>"; };
		DBDA9711236F50710035B661 /* AuthenticationViewController.swift */ = {isa = PBXFileReference; lastKnownFileType = sourcecode.swift; path = AuthenticationViewController.swift; sourceTree = "<group>"; };
		DBDA97132370BE560035B661 /* LoginViewController.swift */ = {isa = PBXFileReference; lastKnownFileType = sourcecode.swift; path = LoginViewController.swift; sourceTree = "<group>"; };
		DBDA97152370BE730035B661 /* RegisterViewController.swift */ = {isa = PBXFileReference; lastKnownFileType = sourcecode.swift; path = RegisterViewController.swift; sourceTree = "<group>"; };
		DBDA97192371F4C30035B661 /* GoogleService-Info.plist */ = {isa = PBXFileReference; fileEncoding = 4; lastKnownFileType = text.plist.xml; path = "GoogleService-Info.plist"; sourceTree = "<group>"; };
		DBDFECD623F46BD8003D0D13 /* ShakeTableViewController.swift */ = {isa = PBXFileReference; lastKnownFileType = sourcecode.swift; path = ShakeTableViewController.swift; sourceTree = "<group>"; };
		DBDFECD823F478F9003D0D13 /* GetVeganContent.swift */ = {isa = PBXFileReference; lastKnownFileType = sourcecode.swift; path = GetVeganContent.swift; sourceTree = "<group>"; };
		DBF37416236CC3A800FF6123 /* ResultCaloriesViewController.swift */ = {isa = PBXFileReference; lastKnownFileType = sourcecode.swift; path = ResultCaloriesViewController.swift; sourceTree = "<group>"; };
/* End PBXFileReference section */

/* Begin PBXFrameworksBuildPhase section */
		DBBCA2442368C97000B7FC5A /* Frameworks */ = {
			isa = PBXFrameworksBuildPhase;
			buildActionMask = 2147483647;
			files = (
				97921C1314F862EAAA82D79C /* Pods_MyFitnessApp.framework in Frameworks */,
			);
			runOnlyForDeploymentPostprocessing = 0;
		};
/* End PBXFrameworksBuildPhase section */

/* Begin PBXGroup section */
		3980BD1F9D84899DB4D79F7E /* Pods */ = {
			isa = PBXGroup;
			children = (
				C764AEE5776333BF4209A8CF /* Pods-MyFitnessApp.debug.xcconfig */,
				1588E3E45E8835B0E6BEEC30 /* Pods-MyFitnessApp.release.xcconfig */,
			);
			path = Pods;
			sourceTree = "<group>";
		};
		9D71E865680F468EDB3E5B60 /* Frameworks */ = {
			isa = PBXGroup;
			children = (
				34461F95B6129486AB36FC52 /* Pods_MyFitnessApp.framework */,
			);
			name = Frameworks;
			sourceTree = "<group>";
		};
		DB44A596237D6E0300D0FD09 /* TableControllers */ = {
			isa = PBXGroup;
			children = (
				DB44A590237CB54100D0FD09 /* TableViewController.swift */,
				DB44A592237CB5F000D0FD09 /* TableViewCell.swift */,
			);
			path = TableControllers;
			sourceTree = "<group>";
		};
		DB44A597237D6E2700D0FD09 /* AuthenticationControllers */ = {
			isa = PBXGroup;
			children = (
				DBDA9711236F50710035B661 /* AuthenticationViewController.swift */,
				DBDA97132370BE560035B661 /* LoginViewController.swift */,
				DBDA97152370BE730035B661 /* RegisterViewController.swift */,
			);
			path = AuthenticationControllers;
			sourceTree = "<group>";
		};
		DB44A598237D6E4700D0FD09 /* CaloriesCalculatorControllers */ = {
			isa = PBXGroup;
			children = (
				DBBCA24E2368C97000B7FC5A /* InputDataCaloriersViewController.swift */,
				DBF37416236CC3A800FF6123 /* ResultCaloriesViewController.swift */,
			);
			path = CaloriesCalculatorControllers;
			sourceTree = "<group>";
		};
		DB61B09823FAF4C000FC6E2A /* Storyboards */ = {
			isa = PBXGroup;
			children = (
				DB61B09923FAF4D800FC6E2A /* Auth.storyboard */,
			);
			path = Storyboards;
			sourceTree = "<group>";
		};
		DB8823062387177E00FD4B6A /* Workout */ = {
			isa = PBXGroup;
			children = (
				DB8823072387180C00FD4B6A /* WorkoutTableViewController.swift */,
			);
			path = Workout;
			sourceTree = "<group>";
		};
		DB8823192387E4DB00FD4B6A /* CustomViews */ = {
			isa = PBXGroup;
			children = (
				DB88231B2387E4E700FD4B6A /* UICollectionViewCell */,
				DB88231A2387E4E200FD4B6A /* UITableViewCell */,
			);
			path = CustomViews;
			sourceTree = "<group>";
		};
		DB88231A2387E4E200FD4B6A /* UITableViewCell */ = {
			isa = PBXGroup;
			children = (
				DB882309238718C300FD4B6A /* CellTable.swift */,
				DB88230A238718C300FD4B6A /* CellTable.xib */,
			);
			path = UITableViewCell;
			sourceTree = "<group>";
		};
		DB88231B2387E4E700FD4B6A /* UICollectionViewCell */ = {
			isa = PBXGroup;
			children = (
				DB88232223897B3200FD4B6A /* CellCollection.swift */,
				DB88232323897B3200FD4B6A /* CellCollection.xib */,
				DB882316238722E500FD4B6A /* CellTableCollection.xib */,
				DB88230D23871E1100FD4B6A /* CellTableCollection.swift */,
			);
			path = UICollectionViewCell;
			sourceTree = "<group>";
		};
		DB8823262389DD5600FD4B6A /* Meal */ = {
			isa = PBXGroup;
			children = (
				DB8823272389DDBB00FD4B6A /* MealTableViewController.swift */,
				DBB0D8AD23983C440020513B /* SaladsTableViewController.swift */,
				DB4502CD23F202340095E5D6 /* ChickenTableViewController.swift */,
				DBDFECD623F46BD8003D0D13 /* ShakeTableViewController.swift */,
				DB8F35A123F47CD3008F87DB /* VeganTableViewController.swift */,
				DB8F35A323F47FD5008F87DB /* BreakfastTableViewController.swift */,
				DBB0D8B1239D99960020513B /* MealInfoViewController.swift */,
			);
			path = Meal;
			sourceTree = "<group>";
		};
		DBB0D8A4239592550020513B /* Steps */ = {
			isa = PBXGroup;
			children = (
				DBB0D8A5239592700020513B /* StepViewController.swift */,
			);
			path = Steps;
			sourceTree = "<group>";
		};
		DBBCA23E2368C97000B7FC5A = {
			isa = PBXGroup;
			children = (
				DBBCA2492368C97000B7FC5A /* MyFitnessApp */,
				DBBCA2482368C97000B7FC5A /* Products */,
				3980BD1F9D84899DB4D79F7E /* Pods */,
				9D71E865680F468EDB3E5B60 /* Frameworks */,
			);
			sourceTree = "<group>";
		};
		DBBCA2482368C97000B7FC5A /* Products */ = {
			isa = PBXGroup;
			children = (
				DBBCA2472368C97000B7FC5A /* MyFitnessApp.app */,
			);
			name = Products;
			sourceTree = "<group>";
		};
		DBBCA2492368C97000B7FC5A /* MyFitnessApp */ = {
			isa = PBXGroup;
			children = (
				DB8823192387E4DB00FD4B6A /* CustomViews */,
				DBBCA24A2368C97000B7FC5A /* AppDelegate.swift */,
				DBBCA24C2368C97000B7FC5A /* SceneDelegate.swift */,
				DBDA9710236F47400035B661 /* Model */,
				DBDA970D236F47270035B661 /* View */,
				DBDA970C236F471F0035B661 /* Controller */,
				DBBCA2532368C97500B7FC5A /* Assets.xcassets */,
				DBBCA2582368C97500B7FC5A /* Info.plist */,
				DBDA97192371F4C30035B661 /* GoogleService-Info.plist */,
			);
			path = MyFitnessApp;
			sourceTree = "<group>";
		};
		DBC409D223C39BFA0090FB33 /* Firestore */ = {
			isa = PBXGroup;
			children = (
				DB805B8F23A37E65009C0009 /* GetMenuContent.swift */,
				DBC409D023C373F50090FB33 /* GetMealsContent.swift */,
				DBC50EBA23A3873900726668 /* GetWorkoutContent.swift */,
				DBC409D323C39C170090FB33 /* GetSaladsContent.swift */,
				DB4502CF23F203270095E5D6 /* GetChickenContent.swift */,
				DB4502D123F465F70095E5D6 /* GetShakeContent.swift */,
				DBDFECD823F478F9003D0D13 /* GetVeganContent.swift */,
				DB8F35A523F48199008F87DB /* GetBreakfastContent.swift */,
			);
			path = Firestore;
			sourceTree = "<group>";
		};
		DBDA970C236F471F0035B661 /* Controller */ = {
			isa = PBXGroup;
			children = (
				DBB0D8A4239592550020513B /* Steps */,
				DB8823262389DD5600FD4B6A /* Meal */,
				DB8823062387177E00FD4B6A /* Workout */,
				DB44A598237D6E4700D0FD09 /* CaloriesCalculatorControllers */,
				DB44A597237D6E2700D0FD09 /* AuthenticationControllers */,
				DB44A596237D6E0300D0FD09 /* TableControllers */,
				DB471ECA23749507009964C2 /* HomeViewController.swift */,
			);
			path = Controller;
			sourceTree = "<group>";
		};
		DBDA970D236F47270035B661 /* View */ = {
			isa = PBXGroup;
			children = (
				DB61B09823FAF4C000FC6E2A /* Storyboards */,
				DBBCA2502368C97000B7FC5A /* Main.storyboard */,
				DBBCA2552368C97500B7FC5A /* LaunchScreen.storyboard */,
			);
			path = View;
			sourceTree = "<group>";
		};
		DBDA9710236F47400035B661 /* Model */ = {
			isa = PBXGroup;
			children = (
				DBC409D223C39BFA0090FB33 /* Firestore */,
				DBDA970E236F47380035B661 /* InputData.swift */,
				DB44A594237D5D7700D0FD09 /* CellTableViewInfo.swift */,
				DBB0D8A72396CBF10020513B /* WorkoutTableViewInfo.swift */,
				DBB0D8AA2397F5C80020513B /* MealTableViewInfo.swift */,
				DBB0D8AF23983CF30020513B /* SaladsTableViewInfo.swift */,
			);
			path = Model;
			sourceTree = "<group>";
		};
/* End PBXGroup section */

/* Begin PBXNativeTarget section */
		DBBCA2462368C97000B7FC5A /* MyFitnessApp */ = {
			isa = PBXNativeTarget;
			buildConfigurationList = DBBCA25B2368C97500B7FC5A /* Build configuration list for PBXNativeTarget "MyFitnessApp" */;
			buildPhases = (
				0594570E66FA0B46CF6CCA3D /* [CP] Check Pods Manifest.lock */,
				DBBCA2432368C97000B7FC5A /* Sources */,
				DBBCA2442368C97000B7FC5A /* Frameworks */,
				DBBCA2452368C97000B7FC5A /* Resources */,
				BCABF379CFC8455E2DBC7B38 /* [CP] Embed Pods Frameworks */,
			);
			buildRules = (
			);
			dependencies = (
			);
			name = MyFitnessApp;
			productName = MyFitnessApp;
			productReference = DBBCA2472368C97000B7FC5A /* MyFitnessApp.app */;
			productType = "com.apple.product-type.application";
		};
/* End PBXNativeTarget section */

/* Begin PBXProject section */
		DBBCA23F2368C97000B7FC5A /* Project object */ = {
			isa = PBXProject;
			attributes = {
				LastSwiftUpdateCheck = 1110;
				LastUpgradeCheck = 1110;
				ORGANIZATIONNAME = "Argeanu Lucian";
				TargetAttributes = {
					DBBCA2462368C97000B7FC5A = {
						CreatedOnToolsVersion = 11.1;
					};
				};
			};
			buildConfigurationList = DBBCA2422368C97000B7FC5A /* Build configuration list for PBXProject "MyFitnessApp" */;
			compatibilityVersion = "Xcode 9.3";
			developmentRegion = en;
			hasScannedForEncodings = 0;
			knownRegions = (
				en,
				Base,
			);
			mainGroup = DBBCA23E2368C97000B7FC5A;
			productRefGroup = DBBCA2482368C97000B7FC5A /* Products */;
			projectDirPath = "";
			projectRoot = "";
			targets = (
				DBBCA2462368C97000B7FC5A /* MyFitnessApp */,
			);
		};
/* End PBXProject section */

/* Begin PBXResourcesBuildPhase section */
		DBBCA2452368C97000B7FC5A /* Resources */ = {
			isa = PBXResourcesBuildPhase;
			buildActionMask = 2147483647;
			files = (
				DB61B09A23FAF4D800FC6E2A /* Auth.storyboard in Resources */,
				DB88230C238718C300FD4B6A /* CellTable.xib in Resources */,
				DB88232523897B3200FD4B6A /* CellCollection.xib in Resources */,
				DBBCA2572368C97500B7FC5A /* LaunchScreen.storyboard in Resources */,
				DBDA971A2371F4C30035B661 /* GoogleService-Info.plist in Resources */,
				DB882318238722E500FD4B6A /* CellTableCollection.xib in Resources */,
				DBBCA2542368C97500B7FC5A /* Assets.xcassets in Resources */,
				DBBCA2522368C97000B7FC5A /* Main.storyboard in Resources */,
			);
			runOnlyForDeploymentPostprocessing = 0;
		};
/* End PBXResourcesBuildPhase section */

/* Begin PBXShellScriptBuildPhase section */
		0594570E66FA0B46CF6CCA3D /* [CP] Check Pods Manifest.lock */ = {
			isa = PBXShellScriptBuildPhase;
			buildActionMask = 2147483647;
			files = (
			);
			inputFileListPaths = (
			);
			inputPaths = (
				"${PODS_PODFILE_DIR_PATH}/Podfile.lock",
				"${PODS_ROOT}/Manifest.lock",
			);
			name = "[CP] Check Pods Manifest.lock";
			outputFileListPaths = (
			);
			outputPaths = (
				"$(DERIVED_FILE_DIR)/Pods-MyFitnessApp-checkManifestLockResult.txt",
			);
			runOnlyForDeploymentPostprocessing = 0;
			shellPath = /bin/sh;
			shellScript = "diff \"${PODS_PODFILE_DIR_PATH}/Podfile.lock\" \"${PODS_ROOT}/Manifest.lock\" > /dev/null\nif [ $? != 0 ] ; then\n    # print error to STDERR\n    echo \"error: The sandbox is not in sync with the Podfile.lock. Run 'pod install' or update your CocoaPods installation.\" >&2\n    exit 1\nfi\n# This output is used by Xcode 'outputs' to avoid re-running this script phase.\necho \"SUCCESS\" > \"${SCRIPT_OUTPUT_FILE_0}\"\n";
			showEnvVarsInLog = 0;
		};
		BCABF379CFC8455E2DBC7B38 /* [CP] Embed Pods Frameworks */ = {
			isa = PBXShellScriptBuildPhase;
			buildActionMask = 2147483647;
			files = (
			);
			inputFileListPaths = (
				"${PODS_ROOT}/Target Support Files/Pods-MyFitnessApp/Pods-MyFitnessApp-frameworks-${CONFIGURATION}-input-files.xcfilelist",
			);
			name = "[CP] Embed Pods Frameworks";
			outputFileListPaths = (
				"${PODS_ROOT}/Target Support Files/Pods-MyFitnessApp/Pods-MyFitnessApp-frameworks-${CONFIGURATION}-output-files.xcfilelist",
			);
			runOnlyForDeploymentPostprocessing = 0;
			shellPath = /bin/sh;
			shellScript = "\"${PODS_ROOT}/Target Support Files/Pods-MyFitnessApp/Pods-MyFitnessApp-frameworks.sh\"\n";
			showEnvVarsInLog = 0;
		};
/* End PBXShellScriptBuildPhase section */

/* Begin PBXSourcesBuildPhase section */
		DBBCA2432368C97000B7FC5A /* Sources */ = {
			isa = PBXSourcesBuildPhase;
			buildActionMask = 2147483647;
			files = (
				DBB0D8A82396CBF10020513B /* WorkoutTableViewInfo.swift in Sources */,
				DBDA97142370BE560035B661 /* LoginViewController.swift in Sources */,
				DBDA9712236F50710035B661 /* AuthenticationViewController.swift in Sources */,
				DB8F35A623F48199008F87DB /* GetBreakfastContent.swift in Sources */,
				DBC409D123C373F50090FB33 /* GetMealsContent.swift in Sources */,
				DB8823282389DDBB00FD4B6A /* MealTableViewController.swift in Sources */,
				DB4502D023F203270095E5D6 /* GetChickenContent.swift in Sources */,
				DBC50EBB23A3873900726668 /* GetWorkoutContent.swift in Sources */,
				DBDA970F236F47380035B661 /* InputData.swift in Sources */,
				DBB0D8B023983CF30020513B /* SaladsTableViewInfo.swift in Sources */,
				DB44A591237CB54100D0FD09 /* TableViewController.swift in Sources */,
				DBDA97162370BE730035B661 /* RegisterViewController.swift in Sources */,
				DB88230B238718C300FD4B6A /* CellTable.swift in Sources */,
				DBDFECD723F46BD8003D0D13 /* ShakeTableViewController.swift in Sources */,
				DBC409D423C39C170090FB33 /* GetSaladsContent.swift in Sources */,
				DBBCA24F2368C97000B7FC5A /* InputDataCaloriersViewController.swift in Sources */,
				DBB0D8A6239592700020513B /* StepViewController.swift in Sources */,
				DB4502CE23F202340095E5D6 /* ChickenTableViewController.swift in Sources */,
				DB8F35A423F47FD5008F87DB /* BreakfastTableViewController.swift in Sources */,
				DB44A593237CB5F000D0FD09 /* TableViewCell.swift in Sources */,
				DBB0D8B2239D99960020513B /* MealInfoViewController.swift in Sources */,
				DB471ECB23749507009964C2 /* HomeViewController.swift in Sources */,
				DB4502D223F465F70095E5D6 /* GetShakeContent.swift in Sources */,
				DBB0D8AB2397F5C80020513B /* MealTableViewInfo.swift in Sources */,
				DB805B9023A37E65009C0009 /* GetMenuContent.swift in Sources */,
				DBF37417236CC3A800FF6123 /* ResultCaloriesViewController.swift in Sources */,
				DB44A595237D5D7700D0FD09 /* CellTableViewInfo.swift in Sources */,
				DB88232423897B3200FD4B6A /* CellCollection.swift in Sources */,
				DBBCA24B2368C97000B7FC5A /* AppDelegate.swift in Sources */,
				DBB0D8AE23983C440020513B /* SaladsTableViewController.swift in Sources */,
				DBDFECD923F478F9003D0D13 /* GetVeganContent.swift in Sources */,
				DBBCA24D2368C97000B7FC5A /* SceneDelegate.swift in Sources */,
				DB8823082387180C00FD4B6A /* WorkoutTableViewController.swift in Sources */,
				DB88230F23871E1100FD4B6A /* CellTableCollection.swift in Sources */,
				DB8F35A223F47CD3008F87DB /* VeganTableViewController.swift in Sources */,
			);
			runOnlyForDeploymentPostprocessing = 0;
		};
/* End PBXSourcesBuildPhase section */

/* Begin PBXVariantGroup section */
		DBBCA2502368C97000B7FC5A /* Main.storyboard */ = {
			isa = PBXVariantGroup;
			children = (
				DBBCA2512368C97000B7FC5A /* Base */,
			);
			name = Main.storyboard;
			sourceTree = "<group>";
		};
		DBBCA2552368C97500B7FC5A /* LaunchScreen.storyboard */ = {
			isa = PBXVariantGroup;
			children = (
				DBBCA2562368C97500B7FC5A /* Base */,
			);
			name = LaunchScreen.storyboard;
			sourceTree = "<group>";
		};
/* End PBXVariantGroup section */

/* Begin XCBuildConfiguration section */
		DBBCA2592368C97500B7FC5A /* Debug */ = {
			isa = XCBuildConfiguration;
			buildSettings = {
				ALWAYS_SEARCH_USER_PATHS = NO;
				CLANG_ANALYZER_NONNULL = YES;
				CLANG_ANALYZER_NUMBER_OBJECT_CONVERSION = YES_AGGRESSIVE;
				CLANG_CXX_LANGUAGE_STANDARD = "gnu++14";
				CLANG_CXX_LIBRARY = "libc++";
				CLANG_ENABLE_MODULES = YES;
				CLANG_ENABLE_OBJC_ARC = YES;
				CLANG_ENABLE_OBJC_WEAK = YES;
				CLANG_WARN_BLOCK_CAPTURE_AUTORELEASING = YES;
				CLANG_WARN_BOOL_CONVERSION = YES;
				CLANG_WARN_COMMA = YES;
				CLANG_WARN_CONSTANT_CONVERSION = YES;
				CLANG_WARN_DEPRECATED_OBJC_IMPLEMENTATIONS = YES;
				CLANG_WARN_DIRECT_OBJC_ISA_USAGE = YES_ERROR;
				CLANG_WARN_DOCUMENTATION_COMMENTS = YES;
				CLANG_WARN_EMPTY_BODY = YES;
				CLANG_WARN_ENUM_CONVERSION = YES;
				CLANG_WARN_INFINITE_RECURSION = YES;
				CLANG_WARN_INT_CONVERSION = YES;
				CLANG_WARN_NON_LITERAL_NULL_CONVERSION = YES;
				CLANG_WARN_OBJC_IMPLICIT_RETAIN_SELF = YES;
				CLANG_WARN_OBJC_LITERAL_CONVERSION = YES;
				CLANG_WARN_OBJC_ROOT_CLASS = YES_ERROR;
				CLANG_WARN_RANGE_LOOP_ANALYSIS = YES;
				CLANG_WARN_STRICT_PROTOTYPES = YES;
				CLANG_WARN_SUSPICIOUS_MOVE = YES;
				CLANG_WARN_UNGUARDED_AVAILABILITY = YES_AGGRESSIVE;
				CLANG_WARN_UNREACHABLE_CODE = YES;
				CLANG_WARN__DUPLICATE_METHOD_MATCH = YES;
				COPY_PHASE_STRIP = NO;
				DEBUG_INFORMATION_FORMAT = dwarf;
				ENABLE_STRICT_OBJC_MSGSEND = YES;
				ENABLE_TESTABILITY = YES;
				GCC_C_LANGUAGE_STANDARD = gnu11;
				GCC_DYNAMIC_NO_PIC = NO;
				GCC_NO_COMMON_BLOCKS = YES;
				GCC_OPTIMIZATION_LEVEL = 0;
				GCC_PREPROCESSOR_DEFINITIONS = (
					"DEBUG=1",
					"$(inherited)",
				);
				GCC_WARN_64_TO_32_BIT_CONVERSION = YES;
				GCC_WARN_ABOUT_RETURN_TYPE = YES_ERROR;
				GCC_WARN_UNDECLARED_SELECTOR = YES;
				GCC_WARN_UNINITIALIZED_AUTOS = YES_AGGRESSIVE;
				GCC_WARN_UNUSED_FUNCTION = YES;
				GCC_WARN_UNUSED_VARIABLE = YES;
				IPHONEOS_DEPLOYMENT_TARGET = 13.1;
				MTL_ENABLE_DEBUG_INFO = INCLUDE_SOURCE;
				MTL_FAST_MATH = YES;
				ONLY_ACTIVE_ARCH = YES;
				SDKROOT = iphoneos;
				SWIFT_ACTIVE_COMPILATION_CONDITIONS = DEBUG;
				SWIFT_OPTIMIZATION_LEVEL = "-Onone";
			};
			name = Debug;
		};
		DBBCA25A2368C97500B7FC5A /* Release */ = {
			isa = XCBuildConfiguration;
			buildSettings = {
				ALWAYS_SEARCH_USER_PATHS = NO;
				CLANG_ANALYZER_NONNULL = YES;
				CLANG_ANALYZER_NUMBER_OBJECT_CONVERSION = YES_AGGRESSIVE;
				CLANG_CXX_LANGUAGE_STANDARD = "gnu++14";
				CLANG_CXX_LIBRARY = "libc++";
				CLANG_ENABLE_MODULES = YES;
				CLANG_ENABLE_OBJC_ARC = YES;
				CLANG_ENABLE_OBJC_WEAK = YES;
				CLANG_WARN_BLOCK_CAPTURE_AUTORELEASING = YES;
				CLANG_WARN_BOOL_CONVERSION = YES;
				CLANG_WARN_COMMA = YES;
				CLANG_WARN_CONSTANT_CONVERSION = YES;
				CLANG_WARN_DEPRECATED_OBJC_IMPLEMENTATIONS = YES;
				CLANG_WARN_DIRECT_OBJC_ISA_USAGE = YES_ERROR;
				CLANG_WARN_DOCUMENTATION_COMMENTS = YES;
				CLANG_WARN_EMPTY_BODY = YES;
				CLANG_WARN_ENUM_CONVERSION = YES;
				CLANG_WARN_INFINITE_RECURSION = YES;
				CLANG_WARN_INT_CONVERSION = YES;
				CLANG_WARN_NON_LITERAL_NULL_CONVERSION = YES;
				CLANG_WARN_OBJC_IMPLICIT_RETAIN_SELF = YES;
				CLANG_WARN_OBJC_LITERAL_CONVERSION = YES;
				CLANG_WARN_OBJC_ROOT_CLASS = YES_ERROR;
				CLANG_WARN_RANGE_LOOP_ANALYSIS = YES;
				CLANG_WARN_STRICT_PROTOTYPES = YES;
				CLANG_WARN_SUSPICIOUS_MOVE = YES;
				CLANG_WARN_UNGUARDED_AVAILABILITY = YES_AGGRESSIVE;
				CLANG_WARN_UNREACHABLE_CODE = YES;
				CLANG_WARN__DUPLICATE_METHOD_MATCH = YES;
				COPY_PHASE_STRIP = NO;
				DEBUG_INFORMATION_FORMAT = "dwarf-with-dsym";
				ENABLE_NS_ASSERTIONS = NO;
				ENABLE_STRICT_OBJC_MSGSEND = YES;
				GCC_C_LANGUAGE_STANDARD = gnu11;
				GCC_NO_COMMON_BLOCKS = YES;
				GCC_WARN_64_TO_32_BIT_CONVERSION = YES;
				GCC_WARN_ABOUT_RETURN_TYPE = YES_ERROR;
				GCC_WARN_UNDECLARED_SELECTOR = YES;
				GCC_WARN_UNINITIALIZED_AUTOS = YES_AGGRESSIVE;
				GCC_WARN_UNUSED_FUNCTION = YES;
				GCC_WARN_UNUSED_VARIABLE = YES;
				IPHONEOS_DEPLOYMENT_TARGET = 13.1;
				MTL_ENABLE_DEBUG_INFO = NO;
				MTL_FAST_MATH = YES;
				SDKROOT = iphoneos;
				SWIFT_COMPILATION_MODE = wholemodule;
				SWIFT_OPTIMIZATION_LEVEL = "-O";
				VALIDATE_PRODUCT = YES;
			};
			name = Release;
		};
		DBBCA25C2368C97500B7FC5A /* Debug */ = {
			isa = XCBuildConfiguration;
			baseConfigurationReference = C764AEE5776333BF4209A8CF /* Pods-MyFitnessApp.debug.xcconfig */;
			buildSettings = {
				ASSETCATALOG_COMPILER_APPICON_NAME = AppIcon;
				CODE_SIGN_STYLE = Automatic;
				DEVELOPMENT_TEAM = 8279UL7F7N;
				INFOPLIST_FILE = MyFitnessApp/Info.plist;
				LD_RUNPATH_SEARCH_PATHS = (
					"$(inherited)",
					"@executable_path/Frameworks",
				);
				PRODUCT_BUNDLE_IDENTIFIER = com.arg.lucian.MyFitnessApp;
				PRODUCT_NAME = "$(TARGET_NAME)";
				SWIFT_VERSION = 5.0;
				TARGETED_DEVICE_FAMILY = "1,2";
			};
			name = Debug;
		};
		DBBCA25D2368C97500B7FC5A /* Release */ = {
			isa = XCBuildConfiguration;
			baseConfigurationReference = 1588E3E45E8835B0E6BEEC30 /* Pods-MyFitnessApp.release.xcconfig */;
			buildSettings = {
				ASSETCATALOG_COMPILER_APPICON_NAME = AppIcon;
				CODE_SIGN_STYLE = Automatic;
				DEVELOPMENT_TEAM = 8279UL7F7N;
				INFOPLIST_FILE = MyFitnessApp/Info.plist;
				LD_RUNPATH_SEARCH_PATHS = (
					"$(inherited)",
					"@executable_path/Frameworks",
				);
				PRODUCT_BUNDLE_IDENTIFIER = com.arg.lucian.MyFitnessApp;
				PRODUCT_NAME = "$(TARGET_NAME)";
				SWIFT_VERSION = 5.0;
				TARGETED_DEVICE_FAMILY = "1,2";
			};
			name = Release;
		};
/* End XCBuildConfiguration section */

/* Begin XCConfigurationList section */
		DBBCA2422368C97000B7FC5A /* Build configuration list for PBXProject "MyFitnessApp" */ = {
			isa = XCConfigurationList;
			buildConfigurations = (
				DBBCA2592368C97500B7FC5A /* Debug */,
				DBBCA25A2368C97500B7FC5A /* Release */,
			);
			defaultConfigurationIsVisible = 0;
			defaultConfigurationName = Release;
		};
		DBBCA25B2368C97500B7FC5A /* Build configuration list for PBXNativeTarget "MyFitnessApp" */ = {
			isa = XCConfigurationList;
			buildConfigurations = (
				DBBCA25C2368C97500B7FC5A /* Debug */,
				DBBCA25D2368C97500B7FC5A /* Release */,
			);
			defaultConfigurationIsVisible = 0;
			defaultConfigurationName = Release;
		};
/* End XCConfigurationList section */
	};
	rootObject = DBBCA23F2368C97000B7FC5A /* Project object */;
}
